
Microsoft Visual Studio Solution File, Format Version 12.00
# Visual Studio Version 17
VisualStudioVersion = 17.12.35707.178 d17.12
MinimumVisualStudioVersion = 10.0.40219.1
Project("{FAE04EC0-301F-11D3-BF4B-00C04F79EFBC}") = "Data_View", "Data_View\Data_View.csproj", "{3A582B3A-3EA7-4D39-922F-E8E662E69327}"
EndProject
Global
	GlobalSection(SolutionConfigurationPlatforms) = preSolution
		Debug|Any CPU = Debug|Any CPU
		Release|Any CPU = Release|Any CPU
	EndGlobalSection
	GlobalSection(ProjectConfigurationPlatforms) = postSolution
		{3A582B3A-3EA7-4D39-922F-E8E662E69327}.Debug|Any CPU.ActiveCfg = Debug|Any CPU
		{3A582B3A-3EA7-4D39-922F-E8E662E69327}.Debug|Any CPU.Build.0 = Debug|Any CPU
		{3A582B3A-3EA7-4D39-922F-E8E662E69327}.Release|Any CPU.ActiveCfg = Release|Any CPU
		{3A582B3A-3EA7-4D39-922F-E8E662E69327}.Release|Any CPU.Build.0 = Release|Any CPU
	EndGlobalSection
	GlobalSection(SolutionProperties) = preSolution
		HideSolutionNode = FALSE
	EndGlobalSection
EndGlobal
